
Microsoft Visual Studio Solution File, Format Version 12.00
# Visual Studio 15
Project("{FAE04EC0-301F-11D3-BF4B-00C04F79EFBC}") = "Assembly-CSharp", "Assembly-CSharp.csproj", "{D977B8A1-B6A7-BB32-D18E-BE5447B415BF}"
EndProject
Project("{FAE04EC0-301F-11D3-BF4B-00C04F79EFBC}") = "Assembly-CSharp-Editor", "Assembly-CSharp-Editor.csproj", "{00B2E49A-9ED7-60EB-3B89-EFA2C29AD7A8}"
EndProject
Global
	GlobalSection(SolutionConfigurationPlatforms) = preSolution
		Debug|Any CPU = Debug|Any CPU
		Release|Any CPU = Release|Any CPU
	EndGlobalSection
	GlobalSection(ProjectConfigurationPlatforms) = postSolution
		{D977B8A1-B6A7-BB32-D18E-BE5447B415BF}.Debug|Any CPU.ActiveCfg = Debug|Any CPU
		{D977B8A1-B6A7-BB32-D18E-BE5447B415BF}.Debug|Any CPU.Build.0 = Debug|Any CPU
		{D977B8A1-B6A7-BB32-D18E-BE5447B415BF}.Release|Any CPU.ActiveCfg = Release|Any CPU
		{D977B8A1-B6A7-BB32-D18E-BE5447B415BF}.Release|Any CPU.Build.0 = Release|Any CPU
		{00B2E49A-9ED7-60EB-3B89-EFA2C29AD7A8}.Debug|Any CPU.ActiveCfg = Debug|Any CPU
		{00B2E49A-9ED7-60EB-3B89-EFA2C29AD7A8}.Debug|Any CPU.Build.0 = Debug|Any CPU
		{00B2E49A-9ED7-60EB-3B89-EFA2C29AD7A8}.Release|Any CPU.ActiveCfg = Release|Any CPU
		{00B2E49A-9ED7-60EB-3B89-EFA2C29AD7A8}.Release|Any CPU.Build.0 = Release|Any CPU
	EndGlobalSection
	GlobalSection(SolutionProperties) = preSolution
		HideSolutionNode = FALSE
	EndGlobalSection
EndGlobal
